// !$*UTF8*$!
{
	archiveVersion = 1;
	classes = {
	};
	objectVersion = 46;
	objects = {

/* Begin PBXBuildFile section */
		5E08D5B41C727569002F1AB0 /* AppDelegate.swift in Sources */ = {isa = PBXBuildFile; fileRef = 5E08D5B31C727569002F1AB0 /* AppDelegate.swift */; };
		5E08D5B61C727569002F1AB0 /* FirstViewController.swift in Sources */ = {isa = PBXBuildFile; fileRef = 5E08D5B51C727569002F1AB0 /* FirstViewController.swift */; };
		5E08D5B81C727569002F1AB0 /* SecondViewController.swift in Sources */ = {isa = PBXBuildFile; fileRef = 5E08D5B71C727569002F1AB0 /* SecondViewController.swift */; };
		5E08D5BB1C727569002F1AB0 /* Main.storyboard in Resources */ = {isa = PBXBuildFile; fileRef = 5E08D5B91C727569002F1AB0 /* Main.storyboard */; };
		5E08D5BD1C727569002F1AB0 /* Assets.xcassets in Resources */ = {isa = PBXBuildFile; fileRef = 5E08D5BC1C727569002F1AB0 /* Assets.xcassets */; };
		5E08D5C01C72756A002F1AB0 /* LaunchScreen.storyboard in Resources */ = {isa = PBXBuildFile; fileRef = 5E08D5BE1C72756A002F1AB0 /* LaunchScreen.storyboard */; };
		5E08D5CB1C72756A002F1AB0 /* iBeaconTest1Tests.swift in Sources */ = {isa = PBXBuildFile; fileRef = 5E08D5CA1C72756A002F1AB0 /* iBeaconTest1Tests.swift */; };
		5E08D5D61C72756A002F1AB0 /* iBeaconTest1UITests.swift in Sources */ = {isa = PBXBuildFile; fileRef = 5E08D5D51C72756A002F1AB0 /* iBeaconTest1UITests.swift */; };
		5E4803C31C997F3400B98EF5 /* ThirdViewController.swift in Sources */ = {isa = PBXBuildFile; fileRef = 5E4803C21C997F3400B98EF5 /* ThirdViewController.swift */; };
		5E4803C51C997FE700B98EF5 /* FourthViewController.swift in Sources */ = {isa = PBXBuildFile; fileRef = 5E4803C41C997FE700B98EF5 /* FourthViewController.swift */; };
		9E623BD51CA2B68900E9D6F6 /* ViewController.swift in Sources */ = {isa = PBXBuildFile; fileRef = 9E623BD41CA2B68900E9D6F6 /* ViewController.swift */; };
/* End PBXBuildFile section */

/* Begin PBXContainerItemProxy section */
		5E08D5C71C72756A002F1AB0 /* PBXContainerItemProxy */ = {
			isa = PBXContainerItemProxy;
			containerPortal = 5E08D5A81C727568002F1AB0 /* Project object */;
			proxyType = 1;
			remoteGlobalIDString = 5E08D5AF1C727569002F1AB0;
			remoteInfo = iBeaconTest1;
		};
		5E08D5D21C72756A002F1AB0 /* PBXContainerItemProxy */ = {
			isa = PBXContainerItemProxy;
			containerPortal = 5E08D5A81C727568002F1AB0 /* Project object */;
			proxyType = 1;
			remoteGlobalIDString = 5E08D5AF1C727569002F1AB0;
			remoteInfo = iBeaconTest1;
		};
/* End PBXContainerItemProxy section */

/* Begin PBXFileReference section */
		5E08D5B01C727569002F1AB0 /* iBeaconTest1.app */ = {isa = PBXFileReference; explicitFileType = wrapper.application; includeInIndex = 0; path = iBeaconTest1.app; sourceTree = BUILT_PRODUCTS_DIR; };
		5E08D5B31C727569002F1AB0 /* AppDelegate.swift */ = {isa = PBXFileReference; lastKnownFileType = sourcecode.swift; path = AppDelegate.swift; sourceTree = "<group>"; };
		5E08D5B51C727569002F1AB0 /* FirstViewController.swift */ = {isa = PBXFileReference; lastKnownFileType = sourcecode.swift; path = FirstViewController.swift; sourceTree = "<group>"; };
		5E08D5B71C727569002F1AB0 /* SecondViewController.swift */ = {isa = PBXFileReference; lastKnownFileType = sourcecode.swift; path = SecondViewController.swift; sourceTree = "<group>"; };
		5E08D5BA1C727569002F1AB0 /* Base */ = {isa = PBXFileReference; lastKnownFileType = file.storyboard; name = Base; path = Base.lproj/Main.storyboard; sourceTree = "<group>"; };
		5E08D5BC1C727569002F1AB0 /* Assets.xcassets */ = {isa = PBXFileReference; lastKnownFileType = folder.assetcatalog; path = Assets.xcassets; sourceTree = "<group>"; };
		5E08D5BF1C72756A002F1AB0 /* Base */ = {isa = PBXFileReference; lastKnownFileType = file.storyboard; name = Base; path = Base.lproj/LaunchScreen.storyboard; sourceTree = "<group>"; };
		5E08D5C11C72756A002F1AB0 /* Info.plist */ = {isa = PBXFileReference; lastKnownFileType = text.plist.xml; path = Info.plist; sourceTree = "<group>"; };
		5E08D5C61C72756A002F1AB0 /* iBeaconTest1Tests.xctest */ = {isa = PBXFileReference; explicitFileType = wrapper.cfbundle; includeInIndex = 0; path = iBeaconTest1Tests.xctest; sourceTree = BUILT_PRODUCTS_DIR; };
		5E08D5CA1C72756A002F1AB0 /* iBeaconTest1Tests.swift */ = {isa = PBXFileReference; lastKnownFileType = sourcecode.swift; path = iBeaconTest1Tests.swift; sourceTree = "<group>"; };
		5E08D5CC1C72756A002F1AB0 /* Info.plist */ = {isa = PBXFileReference; lastKnownFileType = text.plist.xml; path = Info.plist; sourceTree = "<group>"; };
		5E08D5D11C72756A002F1AB0 /* iBeaconTest1UITests.xctest */ = {isa = PBXFileReference; explicitFileType = wrapper.cfbundle; includeInIndex = 0; path = iBeaconTest1UITests.xctest; sourceTree = BUILT_PRODUCTS_DIR; };
		5E08D5D51C72756A002F1AB0 /* iBeaconTest1UITests.swift */ = {isa = PBXFileReference; lastKnownFileType = sourcecode.swift; path = iBeaconTest1UITests.swift; sourceTree = "<group>"; };
		5E08D5D71C72756A002F1AB0 /* Info.plist */ = {isa = PBXFileReference; lastKnownFileType = text.plist.xml; path = Info.plist; sourceTree = "<group>"; };
		5E4803C21C997F3400B98EF5 /* ThirdViewController.swift */ = {isa = PBXFileReference; fileEncoding = 4; lastKnownFileType = sourcecode.swift; path = ThirdViewController.swift; sourceTree = "<group>"; };
		5E4803C41C997FE700B98EF5 /* FourthViewController.swift */ = {isa = PBXFileReference; fileEncoding = 4; lastKnownFileType = sourcecode.swift; path = FourthViewController.swift; sourceTree = "<group>"; };
		9E623BD41CA2B68900E9D6F6 /* ViewController.swift */ = {isa = PBXFileReference; fileEncoding = 4; lastKnownFileType = sourcecode.swift; path = ViewController.swift; sourceTree = "<group>"; };
/* End PBXFileReference section */

/* Begin PBXFrameworksBuildPhase section */
		5E08D5AD1C727569002F1AB0 /* Frameworks */ = {
			isa = PBXFrameworksBuildPhase;
			buildActionMask = 2147483647;
			files = (
			);
			runOnlyForDeploymentPostprocessing = 0;
		};
		5E08D5C31C72756A002F1AB0 /* Frameworks */ = {
			isa = PBXFrameworksBuildPhase;
			buildActionMask = 2147483647;
			files = (
			);
			runOnlyForDeploymentPostprocessing = 0;
		};
		5E08D5CE1C72756A002F1AB0 /* Frameworks */ = {
			isa = PBXFrameworksBuildPhase;
			buildActionMask = 2147483647;
			files = (
			);
			runOnlyForDeploymentPostprocessing = 0;
		};
/* End PBXFrameworksBuildPhase section */

/* Begin PBXGroup section */
		5E08D5A71C727568002F1AB0 = {
			isa = PBXGroup;
			children = (
				5E08D5B21C727569002F1AB0 /* iBeaconTest1 */,
				5E08D5C91C72756A002F1AB0 /* iBeaconTest1Tests */,
				5E08D5D41C72756A002F1AB0 /* iBeaconTest1UITests */,
				5E08D5B11C727569002F1AB0 /* Products */,
			);
			sourceTree = "<group>";
		};
		5E08D5B11C727569002F1AB0 /* Products */ = {
			isa = PBXGroup;
			children = (
				5E08D5B01C727569002F1AB0 /* iBeaconTest1.app */,
				5E08D5C61C72756A002F1AB0 /* iBeaconTest1Tests.xctest */,
				5E08D5D11C72756A002F1AB0 /* iBeaconTest1UITests.xctest */,
			);
			name = Products;
			sourceTree = "<group>";
		};
		5E08D5B21C727569002F1AB0 /* iBeaconTest1 */ = {
			isa = PBXGroup;
			children = (
				5E08D5B31C727569002F1AB0 /* AppDelegate.swift */,
				5E08D5B51C727569002F1AB0 /* FirstViewController.swift */,
				5E08D5B71C727569002F1AB0 /* SecondViewController.swift */,
				5E4803C21C997F3400B98EF5 /* ThirdViewController.swift */,
				5E4803C41C997FE700B98EF5 /* FourthViewController.swift */,
				9E623BD41CA2B68900E9D6F6 /* ViewController.swift */,
				5E08D5B91C727569002F1AB0 /* Main.storyboard */,
				5E08D5BC1C727569002F1AB0 /* Assets.xcassets */,
				5E08D5BE1C72756A002F1AB0 /* LaunchScreen.storyboard */,
				5E08D5C11C72756A002F1AB0 /* Info.plist */,
			);
			path = iBeaconTest1;
			sourceTree = "<group>";
		};
		5E08D5C91C72756A002F1AB0 /* iBeaconTest1Tests */ = {
			isa = PBXGroup;
			children = (
				5E08D5CA1C72756A002F1AB0 /* iBeaconTest1Tests.swift */,
				5E08D5CC1C72756A002F1AB0 /* Info.plist */,
			);
			path = iBeaconTest1Tests;
			sourceTree = "<group>";
		};
		5E08D5D41C72756A002F1AB0 /* iBeaconTest1UITests */ = {
			isa = PBXGroup;
			children = (
				5E08D5D51C72756A002F1AB0 /* iBeaconTest1UITests.swift */,
				5E08D5D71C72756A002F1AB0 /* Info.plist */,
			);
			path = iBeaconTest1UITests;
			sourceTree = "<group>";
		};
/* End PBXGroup section */

/* Begin PBXNativeTarget section */
		5E08D5AF1C727569002F1AB0 /* iBeaconTest1 */ = {
			isa = PBXNativeTarget;
			buildConfigurationList = 5E08D5DA1C72756A002F1AB0 /* Build configuration list for PBXNativeTarget "iBeaconTest1" */;
			buildPhases = (
				5E08D5AC1C727569002F1AB0 /* Sources */,
				5E08D5AD1C727569002F1AB0 /* Frameworks */,
				5E08D5AE1C727569002F1AB0 /* Resources */,
			);
			buildRules = (
			);
			dependencies = (
			);
			name = iBeaconTest1;
			productName = iBeaconTest1;
			productReference = 5E08D5B01C727569002F1AB0 /* iBeaconTest1.app */;
			productType = "com.apple.product-type.application";
		};
		5E08D5C51C72756A002F1AB0 /* iBeaconTest1Tests */ = {
			isa = PBXNativeTarget;
			buildConfigurationList = 5E08D5DD1C72756A002F1AB0 /* Build configuration list for PBXNativeTarget "iBeaconTest1Tests" */;
			buildPhases = (
				5E08D5C21C72756A002F1AB0 /* Sources */,
				5E08D5C31C72756A002F1AB0 /* Frameworks */,
				5E08D5C41C72756A002F1AB0 /* Resources */,
			);
			buildRules = (
			);
			dependencies = (
				5E08D5C81C72756A002F1AB0 /* PBXTargetDependency */,
			);
			name = iBeaconTest1Tests;
			productName = iBeaconTest1Tests;
			productReference = 5E08D5C61C72756A002F1AB0 /* iBeaconTest1Tests.xctest */;
			productType = "com.apple.product-type.bundle.unit-test";
		};
		5E08D5D01C72756A002F1AB0 /* iBeaconTest1UITests */ = {
			isa = PBXNativeTarget;
			buildConfigurationList = 5E08D5E01C72756A002F1AB0 /* Build configuration list for PBXNativeTarget "iBeaconTest1UITests" */;
			buildPhases = (
				5E08D5CD1C72756A002F1AB0 /* Sources */,
				5E08D5CE1C72756A002F1AB0 /* Frameworks */,
				5E08D5CF1C72756A002F1AB0 /* Resources */,
			);
			buildRules = (
			);
			dependencies = (
				5E08D5D31C72756A002F1AB0 /* PBXTargetDependency */,
			);
			name = iBeaconTest1UITests;
			productName = iBeaconTest1UITests;
			productReference = 5E08D5D11C72756A002F1AB0 /* iBeaconTest1UITests.xctest */;
			productType = "com.apple.product-type.bundle.ui-testing";
		};
/* End PBXNativeTarget section */

/* Begin PBXProject section */
		5E08D5A81C727568002F1AB0 /* Project object */ = {
			isa = PBXProject;
			attributes = {
				LastSwiftUpdateCheck = 0720;
				LastUpgradeCheck = 0720;
				ORGANIZATIONNAME = "Jordy Matsari";
				TargetAttributes = {
					5E08D5AF1C727569002F1AB0 = {
						CreatedOnToolsVersion = 7.2.1;
						DevelopmentTeam = N7FTWYJ9X3;
					};
					5E08D5C51C72756A002F1AB0 = {
						CreatedOnToolsVersion = 7.2.1;
						TestTargetID = 5E08D5AF1C727569002F1AB0;
					};
					5E08D5D01C72756A002F1AB0 = {
						CreatedOnToolsVersion = 7.2.1;
						TestTargetID = 5E08D5AF1C727569002F1AB0;
					};
				};
			};
			buildConfigurationList = 5E08D5AB1C727568002F1AB0 /* Build configuration list for PBXProject "iBeaconTest1" */;
			compatibilityVersion = "Xcode 3.2";
			developmentRegion = English;
			hasScannedForEncodings = 0;
			knownRegions = (
				en,
				Base,
			);
			mainGroup = 5E08D5A71C727568002F1AB0;
			productRefGroup = 5E08D5B11C727569002F1AB0 /* Products */;
			projectDirPath = "";
			projectRoot = "";
			targets = (
				5E08D5AF1C727569002F1AB0 /* iBeaconTest1 */,
				5E08D5C51C72756A002F1AB0 /* iBeaconTest1Tests */,
				5E08D5D01C72756A002F1AB0 /* iBeaconTest1UITests */,
			);
		};
/* End PBXProject section */

/* Begin PBXResourcesBuildPhase section */
		5E08D5AE1C727569002F1AB0 /* Resources */ = {
			isa = PBXResourcesBuildPhase;
			buildActionMask = 2147483647;
			files = (
				5E08D5C01C72756A002F1AB0 /* LaunchScreen.storyboard in Resources */,
				5E08D5BD1C727569002F1AB0 /* Assets.xcassets in Resources */,
				5E08D5BB1C727569002F1AB0 /* Main.storyboard in Resources */,
			);
			runOnlyForDeploymentPostprocessing = 0;
		};
		5E08D5C41C72756A002F1AB0 /* Resources */ = {
			isa = PBXResourcesBuildPhase;
			buildActionMask = 2147483647;
			files = (
			);
			runOnlyForDeploymentPostprocessing = 0;
		};
		5E08D5CF1C72756A002F1AB0 /* Resources */ = {
			isa = PBXResourcesBuildPhase;
			buildActionMask = 2147483647;
			files = (
			);
			runOnlyForDeploymentPostprocessing = 0;
		};
/* End PBXResourcesBuildPhase section */

/* Begin PBXSourcesBuildPhase section */
		5E08D5AC1C727569002F1AB0 /* Sources */ = {
			isa = PBXSourcesBuildPhase;
			buildActionMask = 2147483647;
			files = (
				5E08D5B81C727569002F1AB0 /* SecondViewController.swift in Sources */,
				5E08D5B41C727569002F1AB0 /* AppDelegate.swift in Sources */,
				5E4803C31C997F3400B98EF5 /* ThirdViewController.swift in Sources */,
				9E623BD51CA2B68900E9D6F6 /* ViewController.swift in Sources */,
				5E08D5B61C727569002F1AB0 /* FirstViewController.swift in Sources */,
				5E4803C51C997FE700B98EF5 /* FourthViewController.swift in Sources */,
			);
			runOnlyForDeploymentPostprocessing = 0;
		};
		5E08D5C21C72756A002F1AB0 /* Sources */ = {
			isa = PBXSourcesBuildPhase;
			buildActionMask = 2147483647;
			files = (
				5E08D5CB1C72756A002F1AB0 /* iBeaconTest1Tests.swift in Sources */,
			);
			runOnlyForDeploymentPostprocessing = 0;
		};
		5E08D5CD1C72756A002F1AB0 /* Sources */ = {
			isa = PBXSourcesBuildPhase;
			buildActionMask = 2147483647;
			files = (
				5E08D5D61C72756A002F1AB0 /* iBeaconTest1UITests.swift in Sources */,
			);
			runOnlyForDeploymentPostprocessing = 0;
		};
/* End PBXSourcesBuildPhase section */

/* Begin PBXTargetDependency section */
		5E08D5C81C72756A002F1AB0 /* PBXTargetDependency */ = {
			isa = PBXTargetDependency;
			target = 5E08D5AF1C727569002F1AB0 /* iBeaconTest1 */;
			targetProxy = 5E08D5C71C72756A002F1AB0 /* PBXContainerItemProxy */;
		};
		5E08D5D31C72756A002F1AB0 /* PBXTargetDependency */ = {
			isa = PBXTargetDependency;
			target = 5E08D5AF1C727569002F1AB0 /* iBeaconTest1 */;
			targetProxy = 5E08D5D21C72756A002F1AB0 /* PBXContainerItemProxy */;
		};
/* End PBXTargetDependency section */

/* Begin PBXVariantGroup section */
		5E08D5B91C727569002F1AB0 /* Main.storyboard */ = {
			isa = PBXVariantGroup;
			children = (
				5E08D5BA1C727569002F1AB0 /* Base */,
			);
			name = Main.storyboard;
			sourceTree = "<group>";
		};
		5E08D5BE1C72756A002F1AB0 /* LaunchScreen.storyboard */ = {
			isa = PBXVariantGroup;
			children = (
				5E08D5BF1C72756A002F1AB0 /* Base */,
			);
			name = LaunchScreen.storyboard;
			sourceTree = "<group>";
		};
/* End PBXVariantGroup section */

/* Begin XCBuildConfiguration section */
		5E08D5D81C72756A002F1AB0 /* Debug */ = {
			isa = XCBuildConfiguration;
			buildSettings = {
				ALWAYS_SEARCH_USER_PATHS = NO;
				CLANG_CXX_LANGUAGE_STANDARD = "gnu++0x";
				CLANG_CXX_LIBRARY = "libc++";
				CLANG_ENABLE_MODULES = YES;
				CLANG_ENABLE_OBJC_ARC = YES;
				CLANG_WARN_BOOL_CONVERSION = YES;
				CLANG_WARN_CONSTANT_CONVERSION = YES;
				CLANG_WARN_DIRECT_OBJC_ISA_USAGE = YES_ERROR;
				CLANG_WARN_EMPTY_BODY = YES;
				CLANG_WARN_ENUM_CONVERSION = YES;
				CLANG_WARN_INT_CONVERSION = YES;
				CLANG_WARN_OBJC_ROOT_CLASS = YES_ERROR;
				CLANG_WARN_UNREACHABLE_CODE = YES;
				CLANG_WARN__DUPLICATE_METHOD_MATCH = YES;
				"CODE_SIGN_IDENTITY[sdk=iphoneos*]" = "iPhone Developer";
				COPY_PHASE_STRIP = NO;
				DEBUG_INFORMATION_FORMAT = dwarf;
				ENABLE_STRICT_OBJC_MSGSEND = YES;
				ENABLE_TESTABILITY = YES;
				GCC_C_LANGUAGE_STANDARD = gnu99;
				GCC_DYNAMIC_NO_PIC = NO;
				GCC_NO_COMMON_BLOCKS = YES;
				GCC_OPTIMIZATION_LEVEL = 0;
				GCC_PREPROCESSOR_DEFINITIONS = (
					"DEBUG=1",
					"$(inherited)",
				);
				GCC_WARN_64_TO_32_BIT_CONVERSION = YES;
				GCC_WARN_ABOUT_RETURN_TYPE = YES_ERROR;
				GCC_WARN_UNDECLARED_SELECTOR = YES;
				GCC_WARN_UNINITIALIZED_AUTOS = YES_AGGRESSIVE;
				GCC_WARN_UNUSED_FUNCTION = YES;
				GCC_WARN_UNUSED_VARIABLE = YES;
				IPHONEOS_DEPLOYMENT_TARGET = 9.2;
				MTL_ENABLE_DEBUG_INFO = YES;
				ONLY_ACTIVE_ARCH = YES;
				SDKROOT = iphoneos;
				SWIFT_OPTIMIZATION_LEVEL = "-Onone";
				TARGETED_DEVICE_FAMILY = "1,2";
			};
			name = Debug;
		};
		5E08D5D91C72756A002F1AB0 /* Release */ = {
			isa = XCBuildConfiguration;
			buildSettings = {
				ALWAYS_SEARCH_USER_PATHS = NO;
				CLANG_CXX_LANGUAGE_STANDARD = "gnu++0x";
				CLANG_CXX_LIBRARY = "libc++";
				CLANG_ENABLE_MODULES = YES;
				CLANG_ENABLE_OBJC_ARC = YES;
				CLANG_WARN_BOOL_CONVERSION = YES;
				CLANG_WARN_CONSTANT_CONVERSION = YES;
				CLANG_WARN_DIRECT_OBJC_ISA_USAGE = YES_ERROR;
				CLANG_WARN_EMPTY_BODY = YES;
				CLANG_WARN_ENUM_CONVERSION = YES;
				CLANG_WARN_INT_CONVERSION = YES;
				CLANG_WARN_OBJC_ROOT_CLASS = YES_ERROR;
				CLANG_WARN_UNREACHABLE_CODE = YES;
				CLANG_WARN__DUPLICATE_METHOD_MATCH = YES;
				"CODE_SIGN_IDENTITY[sdk=iphoneos*]" = "iPhone Developer";
				COPY_PHASE_STRIP = NO;
				DEBUG_INFORMATION_FORMAT = "dwarf-with-dsym";
				ENABLE_NS_ASSERTIONS = NO;
				ENABLE_STRICT_OBJC_MSGSEND = YES;
				GCC_C_LANGUAGE_STANDARD = gnu99;
				GCC_NO_COMMON_BLOCKS = YES;
				GCC_WARN_64_TO_32_BIT_CONVERSION = YES;
				GCC_WARN_ABOUT_RETURN_TYPE = YES_ERROR;
				GCC_WARN_UNDECLARED_SELECTOR = YES;
				GCC_WARN_UNINITIALIZED_AUTOS = YES_AGGRESSIVE;
				GCC_WARN_UNUSED_FUNCTION = YES;
				GCC_WARN_UNUSED_VARIABLE = YES;
				IPHONEOS_DEPLOYMENT_TARGET = 9.2;
				MTL_ENABLE_DEBUG_INFO = NO;
				SDKROOT = iphoneos;
				TARGETED_DEVICE_FAMILY = "1,2";
				VALIDATE_PRODUCT = YES;
			};
			name = Release;
		};
		5E08D5DB1C72756A002F1AB0 /* Debug */ = {
			isa = XCBuildConfiguration;
			buildSettings = {
				ASSETCATALOG_COMPILER_APPICON_NAME = AppIcon;
				CODE_SIGN_IDENTITY = "iPhone Developer";
				"CODE_SIGN_IDENTITY[sdk=iphoneos*]" = "iPhone Developer";
				INFOPLIST_FILE = iBeaconTest1/Info.plist;
				IPHONEOS_DEPLOYMENT_TARGET = 8.1;
				LD_RUNPATH_SEARCH_PATHS = "$(inherited) @executable_path/Frameworks";
				PRODUCT_BUNDLE_IDENTIFIER = JM.iBeaconTest1;
				PRODUCT_NAME = "$(TARGET_NAME)";
				PROVISIONING_PROFILE = "";
			};
			name = Debug;
		};
		5E08D5DC1C72756A002F1AB0 /* Release */ = {
			isa = XCBuildConfiguration;
			buildSettings = {
				ASSETCATALOG_COMPILER_APPICON_NAME = AppIcon;
				CODE_SIGN_IDENTITY = "iPhone Developer";
				"CODE_SIGN_IDENTITY[sdk=iphoneos*]" = "iPhone Developer";
				INFOPLIST_FILE = iBeaconTest1/Info.plist;
				IPHONEOS_DEPLOYMENT_TARGET = 8.1;
				LD_RUNPATH_SEARCH_PATHS = "$(inherited) @executable_path/Frameworks";
				PRODUCT_BUNDLE_IDENTIFIER = JM.iBeaconTest1;
				PRODUCT_NAME = "$(TARGET_NAME)";
				PROVISIONING_PROFILE = "";
			};
			name = Release;
		};
		5E08D5DE1C72756A002F1AB0 /* Debug */ = {
			isa = XCBuildConfiguration;
			buildSettings = {
				BUNDLE_LOADER = "$(TEST_HOST)";
				INFOPLIST_FILE = iBeaconTest1Tests/Info.plist;
				LD_RUNPATH_SEARCH_PATHS = "$(inherited) @executable_path/Frameworks @loader_path/Frameworks";
				PRODUCT_BUNDLE_IDENTIFIER = JM.iBeaconTest1Tests;
				PRODUCT_NAME = "$(TARGET_NAME)";
				TEST_HOST = "$(BUILT_PRODUCTS_DIR)/iBeaconTest1.app/iBeaconTest1";
			};
			name = Debug;
		};
		5E08D5DF1C72756A002F1AB0 /* Release */ = {
			isa = XCBuildConfiguration;
			buildSettings = {
				BUNDLE_LOADER = "$(TEST_HOST)";
				INFOPLIST_FILE = iBeaconTest1Tests/Info.plist;
				LD_RUNPATH_SEARCH_PATHS = "$(inherited) @executable_path/Frameworks @loader_path/Frameworks";
				PRODUCT_BUNDLE_IDENTIFIER = JM.iBeaconTest1Tests;
				PRODUCT_NAME = "$(TARGET_NAME)";
				TEST_HOST = "$(BUILT_PRODUCTS_DIR)/iBeaconTest1.app/iBeaconTest1";
			};
			name = Release;
		};
		5E08D5E11C72756A002F1AB0 /* Debug */ = {
			isa = XCBuildConfiguration;
			buildSettings = {
				INFOPLIST_FILE = iBeaconTest1UITests/Info.plist;
				LD_RUNPATH_SEARCH_PATHS = "$(inherited) @executable_path/Frameworks @loader_path/Frameworks";
				PRODUCT_BUNDLE_IDENTIFIER = JM.iBeaconTest1UITests;
				PRODUCT_NAME = "$(TARGET_NAME)";
				TEST_TARGET_NAME = iBeaconTest1;
				USES_XCTRUNNER = YES;
			};
			name = Debug;
		};
		5E08D5E21C72756A002F1AB0 /* Release */ = {
			isa = XCBuildConfiguration;
			buildSettings = {
				INFOPLIST_FILE = iBeaconTest1UITests/Info.plist;
				LD_RUNPATH_SEARCH_PATHS = "$(inherited) @executable_path/Frameworks @loader_path/Frameworks";
				PRODUCT_BUNDLE_IDENTIFIER = JM.iBeaconTest1UITests;
				PRODUCT_NAME = "$(TARGET_NAME)";
				TEST_TARGET_NAME = iBeaconTest1;
				USES_XCTRUNNER = YES;
			};
			name = Release;
		};
/* End XCBuildConfiguration section */

/* Begin XCConfigurationList section */
		5E08D5AB1C727568002F1AB0 /* Build configuration list for PBXProject "iBeaconTest1" */ = {
			isa = XCConfigurationList;
			buildConfigurations = (
				5E08D5D81C72756A002F1AB0 /* Debug */,
				5E08D5D91C72756A002F1AB0 /* Release */,
			);
			defaultConfigurationIsVisible = 0;
			defaultConfigurationName = Release;
		};
		5E08D5DA1C72756A002F1AB0 /* Build configuration list for PBXNativeTarget "iBeaconTest1" */ = {
			isa = XCConfigurationList;
			buildConfigurations = (
				5E08D5DB1C72756A002F1AB0 /* Debug */,
				5E08D5DC1C72756A002F1AB0 /* Release */,
			);
			defaultConfigurationIsVisible = 0;
			defaultConfigurationName = Release;
		};
		5E08D5DD1C72756A002F1AB0 /* Build configuration list for PBXNativeTarget "iBeaconTest1Tests" */ = {
			isa = XCConfigurationList;
			buildConfigurations = (
				5E08D5DE1C72756A002F1AB0 /* Debug */,
				5E08D5DF1C72756A002F1AB0 /* Release */,
			);
			defaultConfigurationIsVisible = 0;
			defaultConfigurationName = Release;
		};
		5E08D5E01C72756A002F1AB0 /* Build configuration list for PBXNativeTarget "iBeaconTest1UITests" */ = {
			isa = XCConfigurationList;
			buildConfigurations = (
				5E08D5E11C72756A002F1AB0 /* Debug */,
				5E08D5E21C72756A002F1AB0 /* Release */,
			);
			defaultConfigurationIsVisible = 0;
			defaultConfigurationName = Release;
		};
/* End XCConfigurationList section */
	};
	rootObject = 5E08D5A81C727568002F1AB0 /* Project object */;
}
